
Microsoft Visual Studio Solution File, Format Version 12.00
# Visual Studio 15
VisualStudioVersion = 15.0.26730.16
MinimumVisualStudioVersion = 10.0.40219.1
Project("{8BC9CEB8-8B4A-11D0-8D11-00A0C91BC942}") = "P28", "P28\P28.vcxproj", "{FDF51555-98BC-4A1B-89BC-8CD9F588516C}"
EndProject
Global
	GlobalSection(SolutionConfigurationPlatforms) = preSolution
		Debug|x64 = Debug|x64
		Debug|x86 = Debug|x86
		Release|x64 = Release|x64
		Release|x86 = Release|x86
	EndGlobalSection
	GlobalSection(ProjectConfigurationPlatforms) = postSolution
		{FDF51555-98BC-4A1B-89BC-8CD9F588516C}.Debug|x64.ActiveCfg = Debug|x64
		{FDF51555-98BC-4A1B-89BC-8CD9F588516C}.Debug|x64.Build.0 = Debug|x64
		{FDF51555-98BC-4A1B-89BC-8CD9F588516C}.Debug|x86.ActiveCfg = Debug|Win32
		{FDF51555-98BC-4A1B-89BC-8CD9F588516C}.Debug|x86.Build.0 = Debug|Win32
		{FDF51555-98BC-4A1B-89BC-8CD9F588516C}.Release|x64.ActiveCfg = Release|x64
		{FDF51555-98BC-4A1B-89BC-8CD9F588516C}.Release|x64.Build.0 = Release|x64
		{FDF51555-98BC-4A1B-89BC-8CD9F588516C}.Release|x86.ActiveCfg = Release|Win32
		{FDF51555-98BC-4A1B-89BC-8CD9F588516C}.Release|x86.Build.0 = Release|Win32
	EndGlobalSection
	GlobalSection(SolutionProperties) = preSolution
		HideSolutionNode = FALSE
	EndGlobalSection
	GlobalSection(ExtensibilityGlobals) = postSolution
		SolutionGuid = {F2012898-0BE3-4208-A91A-86BB2BA03D40}
	EndGlobalSection
EndGlobal
